{
  "version": 4,
  "terraform_version": "1.3.8",
  "serial": 4,
  "lineage": "5dca46e0-466b-396b-ca00-2b4ba2a42e9f",
  "outputs": {},
  "resources": [
    {
      "mode": "managed",
      "type": "local_file",
      "name": "marcoso",
      "provider": "provider[\"registry.terraform.io/hashicorp/local\"]",
      "instances": [
        {
          "schema_version": 0,
          "attributes": {
            "content": "caminhada",
            "content_base64": null,
            "content_base64sha256": "IsK5bXk97+GmaepIi1hbWh6Ww7WQhY8S2NvjiZmwRKI=",
            "content_base64sha512": "0x92yYwCQf5WKd6ge/df4e3vDsDsFQWh+pR5C2BdjMENCknHZ4jUA2DWlUKi5LIpNqsr1jskogM0e56TA4hhxg==",
            "content_md5": "f1c424d17dc35c0f7ad0ca88559ca32a",
            "content_sha1": "8cd29af32aec64e9bed3d16d233e5fc45a6fcf53",
            "content_sha256": "22c2b96d793defe1a669ea488b585b5a1e96c3b590858f12d8dbe38999b044a2",
            "content_sha512": "d31f76c98c0241fe5629dea07bf75fe1edef0ec0ec1505a1fa94790b605d8cc10d0a49c76788d40360d69542a2e4b22936ab2bd63b24a203347b9e93038861c6",
            "directory_permission": "0777",
            "file_permission": "0777",
            "filename": "example.prw",
            "id": "8cd29af32aec64e9bed3d16d233e5fc45a6fcf53",
            "sensitive_content": null,
            "source": null
          },
          "sensitive_attributes": []
        }
      ]
    }
  ],
  "check_results": null
}
