{
  "version": 4,
  "terraform_version": "1.3.8",
  "serial": 7,
  "lineage": "5dca46e0-466b-396b-ca00-2b4ba2a42e9f",
  "outputs": {},
  "resources": [
    {
      "mode": "managed",
      "type": "local_file",
      "name": "marcoso",
      "provider": "provider[\"registry.terraform.io/hashicorp/local\"]",
      "instances": [
        {
          "schema_version": 0,
          "attributes": {
            "content": "#include 'protheus.ch'",
            "content_base64": null,
            "content_base64sha256": "L93BkCHlLTBN48plvskAe0GMQg+co1QhGPRjMIAudA0=",
            "content_base64sha512": "vqjJpp86aWO5qHk388H6iZp29S7aijgPNwv261WY0YBqDilu68VZkY0XQT+tVPT557vz6ims5ZNMNwtdsD3Wvg==",
            "content_md5": "a54163216984dc1f3f0b2e1605f68205",
            "content_sha1": "be55fb5a4a91451a9df142b78fe7cac0b6e10cc3",
            "content_sha256": "2fddc19021e52d304de3ca65bec9007b418c420f9ca3542118f46330802e740d",
            "content_sha512": "bea8c9a69f3a6963b9a87937f3c1fa899a76f52eda8a380f370bf6eb5598d1806a0e296eebc559918d17413fad54f4f9e7bbf3ea29ace5934c370b5db03dd6be",
            "directory_permission": "0777",
            "file_permission": "0777",
            "filename": "example.prw",
            "id": "be55fb5a4a91451a9df142b78fe7cac0b6e10cc3",
            "sensitive_content": null,
            "source": null
          },
          "sensitive_attributes": []
        }
      ]
    }
  ],
  "check_results": null
}
